# THIS IS AN AUTOGENERATED FILE. DO NOT EDIT THIS FILE DIRECTLY.
# yarn lockfile v1


react-native-otp-verify@^1.0.3:
  version "1.0.3"
  resolved "https://registry.yarnpkg.com/react-native-otp-verify/-/react-native-otp-verify-1.0.3.tgz#a205521bf19f1e448e563ddfa462559469fa8662"
  integrity sha512-BIKP89H5a6ItAcRXJBxQkc2uzA4jazaEHTRWZxqnUUb6njHKHOevKrtzfhUOoAXQGq3evCRldEot5EaNWTDq9g==
